{
  "name": "@odigos/opentelemetry-node-native-community",
  "version": "0.0.1",
  "lockfileVersion": 3,
  "requires": true,
  "packages": {
    "": {
      "name": "@odigos/opentelemetry-node-native-community",
      "version": "0.0.1",
      "dependencies": {
        "@odigos/opentelemetry-node": "file:../../../opentelemetry-node"
      }
    },
    "../../../opentelemetry-node": {},
    "node_modules/@odigos/opentelemetry-node": {
      "resolved": "../../../opentelemetry-node",
      "link": true
    }
  }
}
